
Microsoft Visual Studio Solution File, Format Version 12.00
# Visual Studio 15
VisualStudioVersion = 15.0.28010.2041
MinimumVisualStudioVersion = 10.0.40219.1
Project("{FAE04EC0-301F-11D3-BF4B-00C04F79EFBC}") = "DescriptionField", "DescriptionField\DescriptionField.csproj", "{01C71CE9-754D-42C1-842D-EA1F47390A3A}"
EndProject
Global
	GlobalSection(SolutionConfigurationPlatforms) = preSolution
		Debug|Any CPU = Debug|Any CPU
		Release|Any CPU = Release|Any CPU
	EndGlobalSection
	GlobalSection(ProjectConfigurationPlatforms) = postSolution
		{01C71CE9-754D-42C1-842D-EA1F47390A3A}.Debug|Any CPU.ActiveCfg = Debug|Any CPU
		{01C71CE9-754D-42C1-842D-EA1F47390A3A}.Debug|Any CPU.Build.0 = Debug|Any CPU
		{01C71CE9-754D-42C1-842D-EA1F47390A3A}.Release|Any CPU.ActiveCfg = Release|Any CPU
		{01C71CE9-754D-42C1-842D-EA1F47390A3A}.Release|Any CPU.Build.0 = Release|Any CPU
	EndGlobalSection
	GlobalSection(SolutionProperties) = preSolution
		HideSolutionNode = FALSE
	EndGlobalSection
	GlobalSection(ExtensibilityGlobals) = postSolution
		SolutionGuid = {89E0AEAD-E2A2-4D5E-8F90-8DEFA479BB07}
	EndGlobalSection
EndGlobal
